// !$*UTF8*$!
{
	archiveVersion = 1;
	classes = {
	};
	objectVersion = 50;
	objects = {

/* Begin PBXBuildFile section */
		8DF6C3FBD568CF39AC8E7D15 /* Pods_MyENSTests.framework in Frameworks */ = {isa = PBXBuildFile; fileRef = 673C110C1D118CF60F3BB755 /* Pods_MyENSTests.framework */; };
		942FC06A134BB87FCBC25697 /* Pods_MyENSUITests.framework in Frameworks */ = {isa = PBXBuildFile; fileRef = F37D85B14C0F8552B69A5EA3 /* Pods_MyENSUITests.framework */; };
		A1A8BF8D21441BE900B29390 /* UIColor+Extension.swift in Sources */ = {isa = PBXBuildFile; fileRef = A1A8BF8C21441BE900B29390 /* UIColor+Extension.swift */; };
		A1A8BF8F2144223200B29390 /* LoginViewController.swift in Sources */ = {isa = PBXBuildFile; fileRef = A1A8BF8E2144223200B29390 /* LoginViewController.swift */; };
		A1A8BF912144336600B29390 /* BackupViewController.swift in Sources */ = {isa = PBXBuildFile; fileRef = A1A8BF902144336600B29390 /* BackupViewController.swift */; };
		A1A8BF932144384A00B29390 /* SecureWalletViewController.swift in Sources */ = {isa = PBXBuildFile; fileRef = A1A8BF922144384A00B29390 /* SecureWalletViewController.swift */; };
		A1A8BF9521443A1E00B29390 /* Root.storyboard in Resources */ = {isa = PBXBuildFile; fileRef = A1A8BF9421443A1E00B29390 /* Root.storyboard */; };
		A1F146DB21433D5E00953938 /* AppDelegate.swift in Sources */ = {isa = PBXBuildFile; fileRef = A1F146DA21433D5E00953938 /* AppDelegate.swift */; };
		A1F146DD21433D5E00953938 /* ViewController.swift in Sources */ = {isa = PBXBuildFile; fileRef = A1F146DC21433D5E00953938 /* ViewController.swift */; };
		A1F146E021433D5E00953938 /* Main.storyboard in Resources */ = {isa = PBXBuildFile; fileRef = A1F146DE21433D5E00953938 /* Main.storyboard */; };
		A1F146E221433D6000953938 /* Assets.xcassets in Resources */ = {isa = PBXBuildFile; fileRef = A1F146E121433D6000953938 /* Assets.xcassets */; };
		A1F146E521433D6000953938 /* LaunchScreen.storyboard in Resources */ = {isa = PBXBuildFile; fileRef = A1F146E321433D6000953938 /* LaunchScreen.storyboard */; };
		A1F146F021433D6000953938 /* MyENSTests.swift in Sources */ = {isa = PBXBuildFile; fileRef = A1F146EF21433D6000953938 /* MyENSTests.swift */; };
		A1F146FB21433D6000953938 /* MyENSUITests.swift in Sources */ = {isa = PBXBuildFile; fileRef = A1F146FA21433D6000953938 /* MyENSUITests.swift */; };
		E5C895554F8430F0ADB3FFD3 /* Pods_MyENS.framework in Frameworks */ = {isa = PBXBuildFile; fileRef = CB05E8019E57C58F51AA864E /* Pods_MyENS.framework */; };
/* End PBXBuildFile section */

/* Begin PBXContainerItemProxy section */
		A1F146EC21433D6000953938 /* PBXContainerItemProxy */ = {
			isa = PBXContainerItemProxy;
			containerPortal = A1F146CF21433D5E00953938 /* Project object */;
			proxyType = 1;
			remoteGlobalIDString = A1F146D621433D5E00953938;
			remoteInfo = MyENS;
		};
		A1F146F721433D6000953938 /* PBXContainerItemProxy */ = {
			isa = PBXContainerItemProxy;
			containerPortal = A1F146CF21433D5E00953938 /* Project object */;
			proxyType = 1;
			remoteGlobalIDString = A1F146D621433D5E00953938;
			remoteInfo = MyENS;
		};
/* End PBXContainerItemProxy section */

/* Begin PBXFileReference section */
		3E1CC45EEB502A4AAF3F1CF5 /* Pods-MyENSUITests.release.xcconfig */ = {isa = PBXFileReference; includeInIndex = 1; lastKnownFileType = text.xcconfig; name = "Pods-MyENSUITests.release.xcconfig"; path = "Pods/Target Support Files/Pods-MyENSUITests/Pods-MyENSUITests.release.xcconfig"; sourceTree = "<group>"; };
		673C110C1D118CF60F3BB755 /* Pods_MyENSTests.framework */ = {isa = PBXFileReference; explicitFileType = wrapper.framework; includeInIndex = 0; path = Pods_MyENSTests.framework; sourceTree = BUILT_PRODUCTS_DIR; };
		993C091E6EE64D42C183B941 /* Pods-MyENSTests.release.xcconfig */ = {isa = PBXFileReference; includeInIndex = 1; lastKnownFileType = text.xcconfig; name = "Pods-MyENSTests.release.xcconfig"; path = "Pods/Target Support Files/Pods-MyENSTests/Pods-MyENSTests.release.xcconfig"; sourceTree = "<group>"; };
		A1A8BF8C21441BE900B29390 /* UIColor+Extension.swift */ = {isa = PBXFileReference; lastKnownFileType = sourcecode.swift; path = "UIColor+Extension.swift"; sourceTree = "<group>"; };
		A1A8BF8E2144223200B29390 /* LoginViewController.swift */ = {isa = PBXFileReference; lastKnownFileType = sourcecode.swift; path = LoginViewController.swift; sourceTree = "<group>"; };
		A1A8BF902144336600B29390 /* BackupViewController.swift */ = {isa = PBXFileReference; lastKnownFileType = sourcecode.swift; path = BackupViewController.swift; sourceTree = "<group>"; };
		A1A8BF922144384A00B29390 /* SecureWalletViewController.swift */ = {isa = PBXFileReference; lastKnownFileType = sourcecode.swift; path = SecureWalletViewController.swift; sourceTree = "<group>"; };
		A1A8BF9421443A1E00B29390 /* Root.storyboard */ = {isa = PBXFileReference; lastKnownFileType = file.storyboard; path = Root.storyboard; sourceTree = "<group>"; };
		A1F146D721433D5E00953938 /* MyENS.app */ = {isa = PBXFileReference; explicitFileType = wrapper.application; includeInIndex = 0; path = MyENS.app; sourceTree = BUILT_PRODUCTS_DIR; };
		A1F146DA21433D5E00953938 /* AppDelegate.swift */ = {isa = PBXFileReference; lastKnownFileType = sourcecode.swift; path = AppDelegate.swift; sourceTree = "<group>"; };
		A1F146DC21433D5E00953938 /* ViewController.swift */ = {isa = PBXFileReference; lastKnownFileType = sourcecode.swift; path = ViewController.swift; sourceTree = "<group>"; };
		A1F146DF21433D5E00953938 /* Base */ = {isa = PBXFileReference; lastKnownFileType = file.storyboard; name = Base; path = Base.lproj/Main.storyboard; sourceTree = "<group>"; };
		A1F146E121433D6000953938 /* Assets.xcassets */ = {isa = PBXFileReference; lastKnownFileType = folder.assetcatalog; path = Assets.xcassets; sourceTree = "<group>"; };
		A1F146E421433D6000953938 /* Base */ = {isa = PBXFileReference; lastKnownFileType = file.storyboard; name = Base; path = Base.lproj/LaunchScreen.storyboard; sourceTree = "<group>"; };
		A1F146E621433D6000953938 /* Info.plist */ = {isa = PBXFileReference; lastKnownFileType = text.plist.xml; path = Info.plist; sourceTree = "<group>"; };
		A1F146EB21433D6000953938 /* MyENSTests.xctest */ = {isa = PBXFileReference; explicitFileType = wrapper.cfbundle; includeInIndex = 0; path = MyENSTests.xctest; sourceTree = BUILT_PRODUCTS_DIR; };
		A1F146EF21433D6000953938 /* MyENSTests.swift */ = {isa = PBXFileReference; lastKnownFileType = sourcecode.swift; path = MyENSTests.swift; sourceTree = "<group>"; };
		A1F146F121433D6000953938 /* Info.plist */ = {isa = PBXFileReference; lastKnownFileType = text.plist.xml; path = Info.plist; sourceTree = "<group>"; };
		A1F146F621433D6000953938 /* MyENSUITests.xctest */ = {isa = PBXFileReference; explicitFileType = wrapper.cfbundle; includeInIndex = 0; path = MyENSUITests.xctest; sourceTree = BUILT_PRODUCTS_DIR; };
		A1F146FA21433D6000953938 /* MyENSUITests.swift */ = {isa = PBXFileReference; lastKnownFileType = sourcecode.swift; path = MyENSUITests.swift; sourceTree = "<group>"; };
		A1F146FC21433D6000953938 /* Info.plist */ = {isa = PBXFileReference; lastKnownFileType = text.plist.xml; path = Info.plist; sourceTree = "<group>"; };
		AF5F6279DA9074020DBC5FC2 /* Pods-MyENS.release.xcconfig */ = {isa = PBXFileReference; includeInIndex = 1; lastKnownFileType = text.xcconfig; name = "Pods-MyENS.release.xcconfig"; path = "Pods/Target Support Files/Pods-MyENS/Pods-MyENS.release.xcconfig"; sourceTree = "<group>"; };
		CB05E8019E57C58F51AA864E /* Pods_MyENS.framework */ = {isa = PBXFileReference; explicitFileType = wrapper.framework; includeInIndex = 0; path = Pods_MyENS.framework; sourceTree = BUILT_PRODUCTS_DIR; };
		E185536F65D7509CB02B33F6 /* Pods-MyENSTests.debug.xcconfig */ = {isa = PBXFileReference; includeInIndex = 1; lastKnownFileType = text.xcconfig; name = "Pods-MyENSTests.debug.xcconfig"; path = "Pods/Target Support Files/Pods-MyENSTests/Pods-MyENSTests.debug.xcconfig"; sourceTree = "<group>"; };
		EA4F47BA9B7BF80A359C4CC6 /* Pods-MyENS.debug.xcconfig */ = {isa = PBXFileReference; includeInIndex = 1; lastKnownFileType = text.xcconfig; name = "Pods-MyENS.debug.xcconfig"; path = "Pods/Target Support Files/Pods-MyENS/Pods-MyENS.debug.xcconfig"; sourceTree = "<group>"; };
		F37D85B14C0F8552B69A5EA3 /* Pods_MyENSUITests.framework */ = {isa = PBXFileReference; explicitFileType = wrapper.framework; includeInIndex = 0; path = Pods_MyENSUITests.framework; sourceTree = BUILT_PRODUCTS_DIR; };
		F7218C4A526A0CFE49FBF8A5 /* Pods-MyENSUITests.debug.xcconfig */ = {isa = PBXFileReference; includeInIndex = 1; lastKnownFileType = text.xcconfig; name = "Pods-MyENSUITests.debug.xcconfig"; path = "Pods/Target Support Files/Pods-MyENSUITests/Pods-MyENSUITests.debug.xcconfig"; sourceTree = "<group>"; };
/* End PBXFileReference section */

/* Begin PBXFrameworksBuildPhase section */
		A1F146D421433D5E00953938 /* Frameworks */ = {
			isa = PBXFrameworksBuildPhase;
			buildActionMask = 2147483647;
			files = (
				E5C895554F8430F0ADB3FFD3 /* Pods_MyENS.framework in Frameworks */,
			);
			runOnlyForDeploymentPostprocessing = 0;
		};
		A1F146E821433D6000953938 /* Frameworks */ = {
			isa = PBXFrameworksBuildPhase;
			buildActionMask = 2147483647;
			files = (
				8DF6C3FBD568CF39AC8E7D15 /* Pods_MyENSTests.framework in Frameworks */,
			);
			runOnlyForDeploymentPostprocessing = 0;
		};
		A1F146F321433D6000953938 /* Frameworks */ = {
			isa = PBXFrameworksBuildPhase;
			buildActionMask = 2147483647;
			files = (
				942FC06A134BB87FCBC25697 /* Pods_MyENSUITests.framework in Frameworks */,
			);
			runOnlyForDeploymentPostprocessing = 0;
		};
/* End PBXFrameworksBuildPhase section */

/* Begin PBXGroup section */
		58CFAA49E67FE82AEB429371 /* Pods */ = {
			isa = PBXGroup;
			children = (
				EA4F47BA9B7BF80A359C4CC6 /* Pods-MyENS.debug.xcconfig */,
				AF5F6279DA9074020DBC5FC2 /* Pods-MyENS.release.xcconfig */,
				E185536F65D7509CB02B33F6 /* Pods-MyENSTests.debug.xcconfig */,
				993C091E6EE64D42C183B941 /* Pods-MyENSTests.release.xcconfig */,
				F7218C4A526A0CFE49FBF8A5 /* Pods-MyENSUITests.debug.xcconfig */,
				3E1CC45EEB502A4AAF3F1CF5 /* Pods-MyENSUITests.release.xcconfig */,
			);
			name = Pods;
			sourceTree = "<group>";
		};
		771B135343C7F2DA5C773407 /* Frameworks */ = {
			isa = PBXGroup;
			children = (
				CB05E8019E57C58F51AA864E /* Pods_MyENS.framework */,
				673C110C1D118CF60F3BB755 /* Pods_MyENSTests.framework */,
				F37D85B14C0F8552B69A5EA3 /* Pods_MyENSUITests.framework */,
			);
			name = Frameworks;
			sourceTree = "<group>";
		};
		A1A8BF862143E92600B29390 /* Models */ = {
			isa = PBXGroup;
			children = (
			);
			path = Models;
			sourceTree = "<group>";
		};
		A1A8BF872143E92600B29390 /* Extensions */ = {
			isa = PBXGroup;
			children = (
				A1A8BF8C21441BE900B29390 /* UIColor+Extension.swift */,
			);
			path = Extensions;
			sourceTree = "<group>";
		};
		A1A8BF882143E92600B29390 /* Resources */ = {
			isa = PBXGroup;
			children = (
			);
			path = Resources;
			sourceTree = "<group>";
		};
		A1A8BF892143E92600B29390 /* Views */ = {
			isa = PBXGroup;
			children = (
			);
			path = Views;
			sourceTree = "<group>";
		};
		A1A8BF8A2143E92600B29390 /* Controllers */ = {
			isa = PBXGroup;
			children = (
				A1F146DA21433D5E00953938 /* AppDelegate.swift */,
				A1F146DC21433D5E00953938 /* ViewController.swift */,
				A1A8BF8E2144223200B29390 /* LoginViewController.swift */,
				A1A8BF902144336600B29390 /* BackupViewController.swift */,
				A1A8BF922144384A00B29390 /* SecureWalletViewController.swift */,
			);
			path = Controllers;
			sourceTree = "<group>";
		};
		A1A8BF8B2143E94400B29390 /* Storyboards */ = {
			isa = PBXGroup;
			children = (
				A1F146DE21433D5E00953938 /* Main.storyboard */,
				A1A8BF9421443A1E00B29390 /* Root.storyboard */,
				A1F146E321433D6000953938 /* LaunchScreen.storyboard */,
			);
			path = Storyboards;
			sourceTree = "<group>";
		};
		A1F146CE21433D5E00953938 = {
			isa = PBXGroup;
			children = (
				A1F146D921433D5E00953938 /* MyENS */,
				A1F146EE21433D6000953938 /* MyENSTests */,
				A1F146F921433D6000953938 /* MyENSUITests */,
				A1F146D821433D5E00953938 /* Products */,
				58CFAA49E67FE82AEB429371 /* Pods */,
				771B135343C7F2DA5C773407 /* Frameworks */,
			);
			sourceTree = "<group>";
		};
		A1F146D821433D5E00953938 /* Products */ = {
			isa = PBXGroup;
			children = (
				A1F146D721433D5E00953938 /* MyENS.app */,
				A1F146EB21433D6000953938 /* MyENSTests.xctest */,
				A1F146F621433D6000953938 /* MyENSUITests.xctest */,
			);
			name = Products;
			sourceTree = "<group>";
		};
		A1F146D921433D5E00953938 /* MyENS */ = {
			isa = PBXGroup;
			children = (
				A1A8BF8A2143E92600B29390 /* Controllers */,
				A1A8BF872143E92600B29390 /* Extensions */,
				A1A8BF862143E92600B29390 /* Models */,
				A1A8BF882143E92600B29390 /* Resources */,
				A1A8BF8B2143E94400B29390 /* Storyboards */,
				A1A8BF892143E92600B29390 /* Views */,
				A1F146E121433D6000953938 /* Assets.xcassets */,
				A1F146E621433D6000953938 /* Info.plist */,
			);
			path = MyENS;
			sourceTree = "<group>";
		};
		A1F146EE21433D6000953938 /* MyENSTests */ = {
			isa = PBXGroup;
			children = (
				A1F146EF21433D6000953938 /* MyENSTests.swift */,
				A1F146F121433D6000953938 /* Info.plist */,
			);
			path = MyENSTests;
			sourceTree = "<group>";
		};
		A1F146F921433D6000953938 /* MyENSUITests */ = {
			isa = PBXGroup;
			children = (
				A1F146FA21433D6000953938 /* MyENSUITests.swift */,
				A1F146FC21433D6000953938 /* Info.plist */,
			);
			path = MyENSUITests;
			sourceTree = "<group>";
		};
/* End PBXGroup section */

/* Begin PBXNativeTarget section */
		A1F146D621433D5E00953938 /* MyENS */ = {
			isa = PBXNativeTarget;
			buildConfigurationList = A1F146FF21433D6000953938 /* Build configuration list for PBXNativeTarget "MyENS" */;
			buildPhases = (
				BCF59877834D234D635AE3C5 /* [CP] Check Pods Manifest.lock */,
				A1F146D321433D5E00953938 /* Sources */,
				A1F146D421433D5E00953938 /* Frameworks */,
				A1F146D521433D5E00953938 /* Resources */,
				83DEA7F4022B8CBF51E9C298 /* [CP] Embed Pods Frameworks */,
			);
			buildRules = (
			);
			dependencies = (
			);
			name = MyENS;
			productName = MyENS;
			productReference = A1F146D721433D5E00953938 /* MyENS.app */;
			productType = "com.apple.product-type.application";
		};
		A1F146EA21433D6000953938 /* MyENSTests */ = {
			isa = PBXNativeTarget;
			buildConfigurationList = A1F1470221433D6000953938 /* Build configuration list for PBXNativeTarget "MyENSTests" */;
			buildPhases = (
				3836D80B477D13FED388CF61 /* [CP] Check Pods Manifest.lock */,
				A1F146E721433D6000953938 /* Sources */,
				A1F146E821433D6000953938 /* Frameworks */,
				A1F146E921433D6000953938 /* Resources */,
			);
			buildRules = (
			);
			dependencies = (
				A1F146ED21433D6000953938 /* PBXTargetDependency */,
			);
			name = MyENSTests;
			productName = MyENSTests;
			productReference = A1F146EB21433D6000953938 /* MyENSTests.xctest */;
			productType = "com.apple.product-type.bundle.unit-test";
		};
		A1F146F521433D6000953938 /* MyENSUITests */ = {
			isa = PBXNativeTarget;
			buildConfigurationList = A1F1470521433D6000953938 /* Build configuration list for PBXNativeTarget "MyENSUITests" */;
			buildPhases = (
				E8B91F6056BCEDBA6C20D69C /* [CP] Check Pods Manifest.lock */,
				A1F146F221433D6000953938 /* Sources */,
				A1F146F321433D6000953938 /* Frameworks */,
				A1F146F421433D6000953938 /* Resources */,
			);
			buildRules = (
			);
			dependencies = (
				A1F146F821433D6000953938 /* PBXTargetDependency */,
			);
			name = MyENSUITests;
			productName = MyENSUITests;
			productReference = A1F146F621433D6000953938 /* MyENSUITests.xctest */;
			productType = "com.apple.product-type.bundle.ui-testing";
		};
/* End PBXNativeTarget section */

/* Begin PBXProject section */
		A1F146CF21433D5E00953938 /* Project object */ = {
			isa = PBXProject;
			attributes = {
				LastSwiftUpdateCheck = 0940;
				LastUpgradeCheck = 0940;
				ORGANIZATIONNAME = ethsociety;
				TargetAttributes = {
					A1F146D621433D5E00953938 = {
						CreatedOnToolsVersion = 9.4.1;
					};
					A1F146EA21433D6000953938 = {
						CreatedOnToolsVersion = 9.4.1;
						TestTargetID = A1F146D621433D5E00953938;
					};
					A1F146F521433D6000953938 = {
						CreatedOnToolsVersion = 9.4.1;
						TestTargetID = A1F146D621433D5E00953938;
					};
				};
			};
			buildConfigurationList = A1F146D221433D5E00953938 /* Build configuration list for PBXProject "MyENS" */;
			compatibilityVersion = "Xcode 9.3";
			developmentRegion = en;
			hasScannedForEncodings = 0;
			knownRegions = (
				en,
				Base,
			);
			mainGroup = A1F146CE21433D5E00953938;
			productRefGroup = A1F146D821433D5E00953938 /* Products */;
			projectDirPath = "";
			projectRoot = "";
			targets = (
				A1F146D621433D5E00953938 /* MyENS */,
				A1F146EA21433D6000953938 /* MyENSTests */,
				A1F146F521433D6000953938 /* MyENSUITests */,
			);
		};
/* End PBXProject section */

/* Begin PBXResourcesBuildPhase section */
		A1F146D521433D5E00953938 /* Resources */ = {
			isa = PBXResourcesBuildPhase;
			buildActionMask = 2147483647;
			files = (
				A1F146E521433D6000953938 /* LaunchScreen.storyboard in Resources */,
				A1F146E221433D6000953938 /* Assets.xcassets in Resources */,
				A1A8BF9521443A1E00B29390 /* Root.storyboard in Resources */,
				A1F146E021433D5E00953938 /* Main.storyboard in Resources */,
			);
			runOnlyForDeploymentPostprocessing = 0;
		};
		A1F146E921433D6000953938 /* Resources */ = {
			isa = PBXResourcesBuildPhase;
			buildActionMask = 2147483647;
			files = (
			);
			runOnlyForDeploymentPostprocessing = 0;
		};
		A1F146F421433D6000953938 /* Resources */ = {
			isa = PBXResourcesBuildPhase;
			buildActionMask = 2147483647;
			files = (
			);
			runOnlyForDeploymentPostprocessing = 0;
		};
/* End PBXResourcesBuildPhase section */

/* Begin PBXShellScriptBuildPhase section */
		3836D80B477D13FED388CF61 /* [CP] Check Pods Manifest.lock */ = {
			isa = PBXShellScriptBuildPhase;
			buildActionMask = 2147483647;
			files = (
			);
			inputPaths = (
				"${PODS_PODFILE_DIR_PATH}/Podfile.lock",
				"${PODS_ROOT}/Manifest.lock",
			);
			name = "[CP] Check Pods Manifest.lock";
			outputPaths = (
				"$(DERIVED_FILE_DIR)/Pods-MyENSTests-checkManifestLockResult.txt",
			);
			runOnlyForDeploymentPostprocessing = 0;
			shellPath = /bin/sh;
			shellScript = "diff \"${PODS_PODFILE_DIR_PATH}/Podfile.lock\" \"${PODS_ROOT}/Manifest.lock\" > /dev/null\nif [ $? != 0 ] ; then\n    # print error to STDERR\n    echo \"error: The sandbox is not in sync with the Podfile.lock. Run 'pod install' or update your CocoaPods installation.\" >&2\n    exit 1\nfi\n# This output is used by Xcode 'outputs' to avoid re-running this script phase.\necho \"SUCCESS\" > \"${SCRIPT_OUTPUT_FILE_0}\"\n";
			showEnvVarsInLog = 0;
		};
		83DEA7F4022B8CBF51E9C298 /* [CP] Embed Pods Frameworks */ = {
			isa = PBXShellScriptBuildPhase;
			buildActionMask = 2147483647;
			files = (
			);
			inputPaths = (
				"${SRCROOT}/Pods/Target Support Files/Pods-MyENS/Pods-MyENS-frameworks.sh",
				"${BUILT_PRODUCTS_DIR}/BigInt/BigInt.framework",
				"${BUILT_PRODUCTS_DIR}/CryptoSwift/CryptoSwift.framework",
				"${BUILT_PRODUCTS_DIR}/PromiseKit/PromiseKit.framework",
				"${BUILT_PRODUCTS_DIR}/Result/Result.framework",
				"${BUILT_PRODUCTS_DIR}/SipHash/SipHash.framework",
				"${BUILT_PRODUCTS_DIR}/scrypt/scrypt.framework",
				"${BUILT_PRODUCTS_DIR}/secp256k1_ios/secp256k1_ios.framework",
				"${BUILT_PRODUCTS_DIR}/web3swift/web3swift.framework",
			);
			name = "[CP] Embed Pods Frameworks";
			outputPaths = (
				"${TARGET_BUILD_DIR}/${FRAMEWORKS_FOLDER_PATH}/BigInt.framework",
				"${TARGET_BUILD_DIR}/${FRAMEWORKS_FOLDER_PATH}/CryptoSwift.framework",
				"${TARGET_BUILD_DIR}/${FRAMEWORKS_FOLDER_PATH}/PromiseKit.framework",
				"${TARGET_BUILD_DIR}/${FRAMEWORKS_FOLDER_PATH}/Result.framework",
				"${TARGET_BUILD_DIR}/${FRAMEWORKS_FOLDER_PATH}/SipHash.framework",
				"${TARGET_BUILD_DIR}/${FRAMEWORKS_FOLDER_PATH}/scrypt.framework",
				"${TARGET_BUILD_DIR}/${FRAMEWORKS_FOLDER_PATH}/secp256k1_ios.framework",
				"${TARGET_BUILD_DIR}/${FRAMEWORKS_FOLDER_PATH}/web3swift.framework",
			);
			runOnlyForDeploymentPostprocessing = 0;
			shellPath = /bin/sh;
			shellScript = "\"${SRCROOT}/Pods/Target Support Files/Pods-MyENS/Pods-MyENS-frameworks.sh\"\n";
			showEnvVarsInLog = 0;
		};
		BCF59877834D234D635AE3C5 /* [CP] Check Pods Manifest.lock */ = {
			isa = PBXShellScriptBuildPhase;
			buildActionMask = 2147483647;
			files = (
			);
			inputPaths = (
				"${PODS_PODFILE_DIR_PATH}/Podfile.lock",
				"${PODS_ROOT}/Manifest.lock",
			);
			name = "[CP] Check Pods Manifest.lock";
			outputPaths = (
				"$(DERIVED_FILE_DIR)/Pods-MyENS-checkManifestLockResult.txt",
			);
			runOnlyForDeploymentPostprocessing = 0;
			shellPath = /bin/sh;
			shellScript = "diff \"${PODS_PODFILE_DIR_PATH}/Podfile.lock\" \"${PODS_ROOT}/Manifest.lock\" > /dev/null\nif [ $? != 0 ] ; then\n    # print error to STDERR\n    echo \"error: The sandbox is not in sync with the Podfile.lock. Run 'pod install' or update your CocoaPods installation.\" >&2\n    exit 1\nfi\n# This output is used by Xcode 'outputs' to avoid re-running this script phase.\necho \"SUCCESS\" > \"${SCRIPT_OUTPUT_FILE_0}\"\n";
			showEnvVarsInLog = 0;
		};
		E8B91F6056BCEDBA6C20D69C /* [CP] Check Pods Manifest.lock */ = {
			isa = PBXShellScriptBuildPhase;
			buildActionMask = 2147483647;
			files = (
			);
			inputPaths = (
				"${PODS_PODFILE_DIR_PATH}/Podfile.lock",
				"${PODS_ROOT}/Manifest.lock",
			);
			name = "[CP] Check Pods Manifest.lock";
			outputPaths = (
				"$(DERIVED_FILE_DIR)/Pods-MyENSUITests-checkManifestLockResult.txt",
			);
			runOnlyForDeploymentPostprocessing = 0;
			shellPath = /bin/sh;
			shellScript = "diff \"${PODS_PODFILE_DIR_PATH}/Podfile.lock\" \"${PODS_ROOT}/Manifest.lock\" > /dev/null\nif [ $? != 0 ] ; then\n    # print error to STDERR\n    echo \"error: The sandbox is not in sync with the Podfile.lock. Run 'pod install' or update your CocoaPods installation.\" >&2\n    exit 1\nfi\n# This output is used by Xcode 'outputs' to avoid re-running this script phase.\necho \"SUCCESS\" > \"${SCRIPT_OUTPUT_FILE_0}\"\n";
			showEnvVarsInLog = 0;
		};
/* End PBXShellScriptBuildPhase section */

/* Begin PBXSourcesBuildPhase section */
		A1F146D321433D5E00953938 /* Sources */ = {
			isa = PBXSourcesBuildPhase;
			buildActionMask = 2147483647;
			files = (
				A1A8BF8F2144223200B29390 /* LoginViewController.swift in Sources */,
				A1A8BF912144336600B29390 /* BackupViewController.swift in Sources */,
				A1A8BF932144384A00B29390 /* SecureWalletViewController.swift in Sources */,
				A1A8BF8D21441BE900B29390 /* UIColor+Extension.swift in Sources */,
				A1F146DD21433D5E00953938 /* ViewController.swift in Sources */,
				A1F146DB21433D5E00953938 /* AppDelegate.swift in Sources */,
			);
			runOnlyForDeploymentPostprocessing = 0;
		};
		A1F146E721433D6000953938 /* Sources */ = {
			isa = PBXSourcesBuildPhase;
			buildActionMask = 2147483647;
			files = (
				A1F146F021433D6000953938 /* MyENSTests.swift in Sources */,
			);
			runOnlyForDeploymentPostprocessing = 0;
		};
		A1F146F221433D6000953938 /* Sources */ = {
			isa = PBXSourcesBuildPhase;
			buildActionMask = 2147483647;
			files = (
				A1F146FB21433D6000953938 /* MyENSUITests.swift in Sources */,
			);
			runOnlyForDeploymentPostprocessing = 0;
		};
/* End PBXSourcesBuildPhase section */

/* Begin PBXTargetDependency section */
		A1F146ED21433D6000953938 /* PBXTargetDependency */ = {
			isa = PBXTargetDependency;
			target = A1F146D621433D5E00953938 /* MyENS */;
			targetProxy = A1F146EC21433D6000953938 /* PBXContainerItemProxy */;
		};
		A1F146F821433D6000953938 /* PBXTargetDependency */ = {
			isa = PBXTargetDependency;
			target = A1F146D621433D5E00953938 /* MyENS */;
			targetProxy = A1F146F721433D6000953938 /* PBXContainerItemProxy */;
		};
/* End PBXTargetDependency section */

/* Begin PBXVariantGroup section */
		A1F146DE21433D5E00953938 /* Main.storyboard */ = {
			isa = PBXVariantGroup;
			children = (
				A1F146DF21433D5E00953938 /* Base */,
			);
			name = Main.storyboard;
			sourceTree = "<group>";
		};
		A1F146E321433D6000953938 /* LaunchScreen.storyboard */ = {
			isa = PBXVariantGroup;
			children = (
				A1F146E421433D6000953938 /* Base */,
			);
			name = LaunchScreen.storyboard;
			sourceTree = "<group>";
		};
/* End PBXVariantGroup section */

/* Begin XCBuildConfiguration section */
		A1F146FD21433D6000953938 /* Debug */ = {
			isa = XCBuildConfiguration;
			buildSettings = {
				ALWAYS_SEARCH_USER_PATHS = NO;
				CLANG_ANALYZER_NONNULL = YES;
				CLANG_ANALYZER_NUMBER_OBJECT_CONVERSION = YES_AGGRESSIVE;
				CLANG_CXX_LANGUAGE_STANDARD = "gnu++14";
				CLANG_CXX_LIBRARY = "libc++";
				CLANG_ENABLE_MODULES = YES;
				CLANG_ENABLE_OBJC_ARC = YES;
				CLANG_ENABLE_OBJC_WEAK = YES;
				CLANG_WARN_BLOCK_CAPTURE_AUTORELEASING = YES;
				CLANG_WARN_BOOL_CONVERSION = YES;
				CLANG_WARN_COMMA = YES;
				CLANG_WARN_CONSTANT_CONVERSION = YES;
				CLANG_WARN_DEPRECATED_OBJC_IMPLEMENTATIONS = YES;
				CLANG_WARN_DIRECT_OBJC_ISA_USAGE = YES_ERROR;
				CLANG_WARN_DOCUMENTATION_COMMENTS = YES;
				CLANG_WARN_EMPTY_BODY = YES;
				CLANG_WARN_ENUM_CONVERSION = YES;
				CLANG_WARN_INFINITE_RECURSION = YES;
				CLANG_WARN_INT_CONVERSION = YES;
				CLANG_WARN_NON_LITERAL_NULL_CONVERSION = YES;
				CLANG_WARN_OBJC_IMPLICIT_RETAIN_SELF = YES;
				CLANG_WARN_OBJC_LITERAL_CONVERSION = YES;
				CLANG_WARN_OBJC_ROOT_CLASS = YES_ERROR;
				CLANG_WARN_RANGE_LOOP_ANALYSIS = YES;
				CLANG_WARN_STRICT_PROTOTYPES = YES;
				CLANG_WARN_SUSPICIOUS_MOVE = YES;
				CLANG_WARN_UNGUARDED_AVAILABILITY = YES_AGGRESSIVE;
				CLANG_WARN_UNREACHABLE_CODE = YES;
				CLANG_WARN__DUPLICATE_METHOD_MATCH = YES;
				CODE_SIGN_IDENTITY = "iPhone Developer";
				COPY_PHASE_STRIP = NO;
				DEBUG_INFORMATION_FORMAT = dwarf;
				ENABLE_STRICT_OBJC_MSGSEND = YES;
				ENABLE_TESTABILITY = YES;
				GCC_C_LANGUAGE_STANDARD = gnu11;
				GCC_DYNAMIC_NO_PIC = NO;
				GCC_NO_COMMON_BLOCKS = YES;
				GCC_OPTIMIZATION_LEVEL = 0;
				GCC_PREPROCESSOR_DEFINITIONS = (
					"DEBUG=1",
					"$(inherited)",
				);
				GCC_WARN_64_TO_32_BIT_CONVERSION = YES;
				GCC_WARN_ABOUT_RETURN_TYPE = YES_ERROR;
				GCC_WARN_UNDECLARED_SELECTOR = YES;
				GCC_WARN_UNINITIALIZED_AUTOS = YES_AGGRESSIVE;
				GCC_WARN_UNUSED_FUNCTION = YES;
				GCC_WARN_UNUSED_VARIABLE = YES;
				IPHONEOS_DEPLOYMENT_TARGET = 11.4;
				MTL_ENABLE_DEBUG_INFO = YES;
				ONLY_ACTIVE_ARCH = YES;
				SDKROOT = iphoneos;
				SWIFT_ACTIVE_COMPILATION_CONDITIONS = DEBUG;
				SWIFT_OPTIMIZATION_LEVEL = "-Onone";
			};
			name = Debug;
		};
		A1F146FE21433D6000953938 /* Release */ = {
			isa = XCBuildConfiguration;
			buildSettings = {
				ALWAYS_SEARCH_USER_PATHS = NO;
				CLANG_ANALYZER_NONNULL = YES;
				CLANG_ANALYZER_NUMBER_OBJECT_CONVERSION = YES_AGGRESSIVE;
				CLANG_CXX_LANGUAGE_STANDARD = "gnu++14";
				CLANG_CXX_LIBRARY = "libc++";
				CLANG_ENABLE_MODULES = YES;
				CLANG_ENABLE_OBJC_ARC = YES;
				CLANG_ENABLE_OBJC_WEAK = YES;
				CLANG_WARN_BLOCK_CAPTURE_AUTORELEASING = YES;
				CLANG_WARN_BOOL_CONVERSION = YES;
				CLANG_WARN_COMMA = YES;
				CLANG_WARN_CONSTANT_CONVERSION = YES;
				CLANG_WARN_DEPRECATED_OBJC_IMPLEMENTATIONS = YES;
				CLANG_WARN_DIRECT_OBJC_ISA_USAGE = YES_ERROR;
				CLANG_WARN_DOCUMENTATION_COMMENTS = YES;
				CLANG_WARN_EMPTY_BODY = YES;
				CLANG_WARN_ENUM_CONVERSION = YES;
				CLANG_WARN_INFINITE_RECURSION = YES;
				CLANG_WARN_INT_CONVERSION = YES;
				CLANG_WARN_NON_LITERAL_NULL_CONVERSION = YES;
				CLANG_WARN_OBJC_IMPLICIT_RETAIN_SELF = YES;
				CLANG_WARN_OBJC_LITERAL_CONVERSION = YES;
				CLANG_WARN_OBJC_ROOT_CLASS = YES_ERROR;
				CLANG_WARN_RANGE_LOOP_ANALYSIS = YES;
				CLANG_WARN_STRICT_PROTOTYPES = YES;
				CLANG_WARN_SUSPICIOUS_MOVE = YES;
				CLANG_WARN_UNGUARDED_AVAILABILITY = YES_AGGRESSIVE;
				CLANG_WARN_UNREACHABLE_CODE = YES;
				CLANG_WARN__DUPLICATE_METHOD_MATCH = YES;
				CODE_SIGN_IDENTITY = "iPhone Developer";
				COPY_PHASE_STRIP = NO;
				DEBUG_INFORMATION_FORMAT = "dwarf-with-dsym";
				ENABLE_NS_ASSERTIONS = NO;
				ENABLE_STRICT_OBJC_MSGSEND = YES;
				GCC_C_LANGUAGE_STANDARD = gnu11;
				GCC_NO_COMMON_BLOCKS = YES;
				GCC_WARN_64_TO_32_BIT_CONVERSION = YES;
				GCC_WARN_ABOUT_RETURN_TYPE = YES_ERROR;
				GCC_WARN_UNDECLARED_SELECTOR = YES;
				GCC_WARN_UNINITIALIZED_AUTOS = YES_AGGRESSIVE;
				GCC_WARN_UNUSED_FUNCTION = YES;
				GCC_WARN_UNUSED_VARIABLE = YES;
				IPHONEOS_DEPLOYMENT_TARGET = 11.4;
				MTL_ENABLE_DEBUG_INFO = NO;
				SDKROOT = iphoneos;
				SWIFT_COMPILATION_MODE = wholemodule;
				SWIFT_OPTIMIZATION_LEVEL = "-O";
				VALIDATE_PRODUCT = YES;
			};
			name = Release;
		};
		A1F1470021433D6000953938 /* Debug */ = {
			isa = XCBuildConfiguration;
			baseConfigurationReference = EA4F47BA9B7BF80A359C4CC6 /* Pods-MyENS.debug.xcconfig */;
			buildSettings = {
				ASSETCATALOG_COMPILER_APPICON_NAME = AppIcon;
				CODE_SIGN_STYLE = Automatic;
				DEVELOPMENT_TEAM = 3GBQ2H4QX7;
				INFOPLIST_FILE = MyENS/Info.plist;
				LD_RUNPATH_SEARCH_PATHS = (
					"$(inherited)",
					"@executable_path/Frameworks",
				);
				PRODUCT_BUNDLE_IDENTIFIER = com.ethsociety.MyENS;
				PRODUCT_NAME = "$(TARGET_NAME)";
				SWIFT_VERSION = 4.0;
				TARGETED_DEVICE_FAMILY = "1,2";
			};
			name = Debug;
		};
		A1F1470121433D6000953938 /* Release */ = {
			isa = XCBuildConfiguration;
			baseConfigurationReference = AF5F6279DA9074020DBC5FC2 /* Pods-MyENS.release.xcconfig */;
			buildSettings = {
				ASSETCATALOG_COMPILER_APPICON_NAME = AppIcon;
				CODE_SIGN_STYLE = Automatic;
				DEVELOPMENT_TEAM = 3GBQ2H4QX7;
				INFOPLIST_FILE = MyENS/Info.plist;
				LD_RUNPATH_SEARCH_PATHS = (
					"$(inherited)",
					"@executable_path/Frameworks",
				);
				PRODUCT_BUNDLE_IDENTIFIER = com.ethsociety.MyENS;
				PRODUCT_NAME = "$(TARGET_NAME)";
				SWIFT_VERSION = 4.0;
				TARGETED_DEVICE_FAMILY = "1,2";
			};
			name = Release;
		};
		A1F1470321433D6000953938 /* Debug */ = {
			isa = XCBuildConfiguration;
			baseConfigurationReference = E185536F65D7509CB02B33F6 /* Pods-MyENSTests.debug.xcconfig */;
			buildSettings = {
				ALWAYS_EMBED_SWIFT_STANDARD_LIBRARIES = YES;
				BUNDLE_LOADER = "$(TEST_HOST)";
				CODE_SIGN_STYLE = Automatic;
				DEVELOPMENT_TEAM = 3GBQ2H4QX7;
				INFOPLIST_FILE = MyENSTests/Info.plist;
				LD_RUNPATH_SEARCH_PATHS = (
					"$(inherited)",
					"@executable_path/Frameworks",
					"@loader_path/Frameworks",
				);
				PRODUCT_BUNDLE_IDENTIFIER = com.ethsociety.MyENSTests;
				PRODUCT_NAME = "$(TARGET_NAME)";
				SWIFT_VERSION = 4.0;
				TARGETED_DEVICE_FAMILY = "1,2";
				TEST_HOST = "$(BUILT_PRODUCTS_DIR)/MyENS.app/MyENS";
			};
			name = Debug;
		};
		A1F1470421433D6000953938 /* Release */ = {
			isa = XCBuildConfiguration;
			baseConfigurationReference = 993C091E6EE64D42C183B941 /* Pods-MyENSTests.release.xcconfig */;
			buildSettings = {
				ALWAYS_EMBED_SWIFT_STANDARD_LIBRARIES = YES;
				BUNDLE_LOADER = "$(TEST_HOST)";
				CODE_SIGN_STYLE = Automatic;
				DEVELOPMENT_TEAM = 3GBQ2H4QX7;
				INFOPLIST_FILE = MyENSTests/Info.plist;
				LD_RUNPATH_SEARCH_PATHS = (
					"$(inherited)",
					"@executable_path/Frameworks",
					"@loader_path/Frameworks",
				);
				PRODUCT_BUNDLE_IDENTIFIER = com.ethsociety.MyENSTests;
				PRODUCT_NAME = "$(TARGET_NAME)";
				SWIFT_VERSION = 4.0;
				TARGETED_DEVICE_FAMILY = "1,2";
				TEST_HOST = "$(BUILT_PRODUCTS_DIR)/MyENS.app/MyENS";
			};
			name = Release;
		};
		A1F1470621433D6000953938 /* Debug */ = {
			isa = XCBuildConfiguration;
			baseConfigurationReference = F7218C4A526A0CFE49FBF8A5 /* Pods-MyENSUITests.debug.xcconfig */;
			buildSettings = {
				ALWAYS_EMBED_SWIFT_STANDARD_LIBRARIES = YES;
				CODE_SIGN_STYLE = Automatic;
				DEVELOPMENT_TEAM = 3GBQ2H4QX7;
				INFOPLIST_FILE = MyENSUITests/Info.plist;
				LD_RUNPATH_SEARCH_PATHS = (
					"$(inherited)",
					"@executable_path/Frameworks",
					"@loader_path/Frameworks",
				);
				PRODUCT_BUNDLE_IDENTIFIER = com.ethsociety.MyENSUITests;
				PRODUCT_NAME = "$(TARGET_NAME)";
				SWIFT_VERSION = 4.0;
				TARGETED_DEVICE_FAMILY = "1,2";
				TEST_TARGET_NAME = MyENS;
			};
			name = Debug;
		};
		A1F1470721433D6000953938 /* Release */ = {
			isa = XCBuildConfiguration;
			baseConfigurationReference = 3E1CC45EEB502A4AAF3F1CF5 /* Pods-MyENSUITests.release.xcconfig */;
			buildSettings = {
				ALWAYS_EMBED_SWIFT_STANDARD_LIBRARIES = YES;
				CODE_SIGN_STYLE = Automatic;
				DEVELOPMENT_TEAM = 3GBQ2H4QX7;
				INFOPLIST_FILE = MyENSUITests/Info.plist;
				LD_RUNPATH_SEARCH_PATHS = (
					"$(inherited)",
					"@executable_path/Frameworks",
					"@loader_path/Frameworks",
				);
				PRODUCT_BUNDLE_IDENTIFIER = com.ethsociety.MyENSUITests;
				PRODUCT_NAME = "$(TARGET_NAME)";
				SWIFT_VERSION = 4.0;
				TARGETED_DEVICE_FAMILY = "1,2";
				TEST_TARGET_NAME = MyENS;
			};
			name = Release;
		};
/* End XCBuildConfiguration section */

/* Begin XCConfigurationList section */
		A1F146D221433D5E00953938 /* Build configuration list for PBXProject "MyENS" */ = {
			isa = XCConfigurationList;
			buildConfigurations = (
				A1F146FD21433D6000953938 /* Debug */,
				A1F146FE21433D6000953938 /* Release */,
			);
			defaultConfigurationIsVisible = 0;
			defaultConfigurationName = Release;
		};
		A1F146FF21433D6000953938 /* Build configuration list for PBXNativeTarget "MyENS" */ = {
			isa = XCConfigurationList;
			buildConfigurations = (
				A1F1470021433D6000953938 /* Debug */,
				A1F1470121433D6000953938 /* Release */,
			);
			defaultConfigurationIsVisible = 0;
			defaultConfigurationName = Release;
		};
		A1F1470221433D6000953938 /* Build configuration list for PBXNativeTarget "MyENSTests" */ = {
			isa = XCConfigurationList;
			buildConfigurations = (
				A1F1470321433D6000953938 /* Debug */,
				A1F1470421433D6000953938 /* Release */,
			);
			defaultConfigurationIsVisible = 0;
			defaultConfigurationName = Release;
		};
		A1F1470521433D6000953938 /* Build configuration list for PBXNativeTarget "MyENSUITests" */ = {
			isa = XCConfigurationList;
			buildConfigurations = (
				A1F1470621433D6000953938 /* Debug */,
				A1F1470721433D6000953938 /* Release */,
			);
			defaultConfigurationIsVisible = 0;
			defaultConfigurationName = Release;
		};
/* End XCConfigurationList section */
	};
	rootObject = A1F146CF21433D5E00953938 /* Project object */;
}
